
Microsoft Visual Studio Solution File, Format Version 12.00
# Visual Studio Version 16
VisualStudioVersion = 16.0.30011.22
MinimumVisualStudioVersion = 10.0.40219.1
Project("{FAE04EC0-301F-11D3-BF4B-00C04F79EFBC}") = "TimeSeriesForecasting", "TimeSeriesForecasting\TimeSeriesForecasting.csproj", "{00DD95B6-B81B-4DD1-82FA-54F55B9A0432}"
EndProject
Global
	GlobalSection(SolutionConfigurationPlatforms) = preSolution
		Debug|Any CPU = Debug|Any CPU
		Debug|x86 = Debug|x86
		Release|Any CPU = Release|Any CPU
		Release|x86 = Release|x86
	EndGlobalSection
	GlobalSection(ProjectConfigurationPlatforms) = postSolution
		{00DD95B6-B81B-4DD1-82FA-54F55B9A0432}.Debug|Any CPU.ActiveCfg = Debug|Any CPU
		{00DD95B6-B81B-4DD1-82FA-54F55B9A0432}.Debug|Any CPU.Build.0 = Debug|Any CPU
		{00DD95B6-B81B-4DD1-82FA-54F55B9A0432}.Debug|x86.ActiveCfg = Debug|x86
		{00DD95B6-B81B-4DD1-82FA-54F55B9A0432}.Debug|x86.Build.0 = Debug|x86
		{00DD95B6-B81B-4DD1-82FA-54F55B9A0432}.Release|Any CPU.ActiveCfg = Release|Any CPU
		{00DD95B6-B81B-4DD1-82FA-54F55B9A0432}.Release|Any CPU.Build.0 = Release|Any CPU
		{00DD95B6-B81B-4DD1-82FA-54F55B9A0432}.Release|x86.ActiveCfg = Release|x86
		{00DD95B6-B81B-4DD1-82FA-54F55B9A0432}.Release|x86.Build.0 = Release|x86
	EndGlobalSection
	GlobalSection(SolutionProperties) = preSolution
		HideSolutionNode = FALSE
	EndGlobalSection
	GlobalSection(ExtensibilityGlobals) = postSolution
		SolutionGuid = {265D858C-4DEA-4904-96BA-98D5B0BABE34}
	EndGlobalSection
EndGlobal
